schema: '2.0'
stages:
  train:
    cmd: python -m src.train
    deps:
    - path: data_7class
      hash: md5
      md5: c0a3e455ce7791f84b045e0138365931.dir
      size: 442709256
      nfiles: 14289
    - path: data_7class.yaml
      hash: md5
      md5: 4afc1302d8d72084990812c27fd4db60
      size: 251
    - path: src/config.py
      hash: md5
      md5: f0806c401733ef89d41991efe6e8df68
      size: 959
    - path: src/train.py
      hash: md5
      md5: e30ac2f9924e9751f66ee35c89536e7e
      size: 1136
    outs:
    - path: outputs/yolo/Rail_Defect_Detect_7class/weights/best.pt
      hash: md5
      md5: 1b6fd4ed313b6b7d43ca20ae72b2fc7b
      size: 20319742
  evaluate:
    cmd: python -m src.evaluate
    deps:
    - path: data_7class.yaml
      hash: md5
      md5: 4afc1302d8d72084990812c27fd4db60
      size: 251
    - path: outputs/yolo/Rail_Defect_Detect_7class/weights/best.pt
      hash: md5
      md5: 1b6fd4ed313b6b7d43ca20ae72b2fc7b
      size: 20319742
    - path: src/config.py
      hash: md5
      md5: f0806c401733ef89d41991efe6e8df68
      size: 959
    - path: src/evaluate.py
      hash: md5
      md5: df5a33780eac4ed06d88260a025a93cc
      size: 1146
    outs:
    - path: outputs/frontend_data/test_metrics.json
      hash: md5
      md5: 36799bbf5ac9d1ce80a1be73bc0c891f
      size: 150
  frontend_data:
    cmd: python -m src.frontend_data
    deps:
    - path: data_7class/test/images
      hash: md5
      md5: b6be3a310ca9cacb130550c436fdfe55.dir
      size: 19726084
      nfiles: 291
    - path: outputs/yolo/Rail_Defect_Detect_7class/weights/best.pt
      hash: md5
      md5: 1b6fd4ed313b6b7d43ca20ae72b2fc7b
      size: 20319742
    - path: src/config.py
      hash: md5
      md5: f0806c401733ef89d41991efe6e8df68
      size: 959
    - path: src/frontend_data.py
      hash: md5
      md5: 741906fc3f66f8bc65d8491ecbc90000
      size: 923
    - path: src/inference.py
      hash: md5
      md5: 494d1b1c24943de24f7cc811004449e0
      size: 1003
    outs:
    - path: outputs/frontend_data/images
      hash: md5
      md5: a9bbc2432125afa2b917913aa860a87b.dir
      size: 702989
      nfiles: 5
